{
  "name": "week-14",
  "version": "1.0.0",
  "lockfileVersion": 3,
  "requires": true,
  "packages": {
    "": {
      "name": "week-14",
      "version": "1.0.0",
      "license": "ISC",
      "dependencies": {
        "@trpc/client": "^11.0.0-rc.332",
        "@trpc/server": "^11.0.0-rc.332",
        "zod": "^3.22.4"
      }
    },
    "node_modules/@trpc/client": {
      "version": "11.0.0-rc.332",
      "resolved": "https://registry.npmjs.org/@trpc/client/-/client-11.0.0-rc.332.tgz",
      "integrity": "sha512-f9vpTwAZWI5VvbLDq22nzQI94Pe7nlt/SJH2PC/KzOheNoSxm+CoQ1PjriMPUePr69GjxG0OOGH8RDWG+vseKw==",
      "funding": [
        "https://trpc.io/sponsor"
      ],
      "peerDependencies": {
        "@trpc/server": "11.0.0-rc.332+67c093749"
      }
    },
    "node_modules/@trpc/server": {
      "version": "11.0.0-rc.332",
      "resolved": "https://registry.npmjs.org/@trpc/server/-/server-11.0.0-rc.332.tgz",
      "integrity": "sha512-K+cyJm2MmD4uxhfcMH0oHl/KNy8J23h/Bl9nisWOjjtYjNB6fTiO35uTuN8+CkKfXjc+873snT2QyaQXwjp1SA==",
      "funding": [
        "https://trpc.io/sponsor"
      ]
    },
    "node_modules/zod": {
      "version": "3.22.4",
      "resolved": "https://registry.npmjs.org/zod/-/zod-3.22.4.tgz",
      "integrity": "sha512-iC+8Io04lddc+mVqQ9AZ7OQ2MrUKGN+oIQyq1vemgt46jwCwLfhq7/pwnBnNXXXZb8VTVLKwp9EDkx+ryxIWmg==",
      "funding": {
        "url": "https://github.com/sponsors/colinhacks"
      }
    }
  }
}
